// !$*UTF8*$!
{
	archiveVersion = 1;
	classes = {
	};
	objectVersion = 46;
	objects = {

/* Begin PBXBuildFile section */
		2312AF3C172543D600781129 /* UIKit.framework in Frameworks */ = {isa = PBXBuildFile; fileRef = 2312AF3B172543D600781129 /* UIKit.framework */; };
		2312AF3E172543D600781129 /* Foundation.framework in Frameworks */ = {isa = PBXBuildFile; fileRef = 2312AF3D172543D600781129 /* Foundation.framework */; };
		2312AF40172543D600781129 /* CoreGraphics.framework in Frameworks */ = {isa = PBXBuildFile; fileRef = 2312AF3F172543D600781129 /* CoreGraphics.framework */; };
		2312AF46172543D600781129 /* InfoPlist.strings in Resources */ = {isa = PBXBuildFile; fileRef = 2312AF44172543D600781129 /* InfoPlist.strings */; };
		2312AF48172543D600781129 /* main.m in Sources */ = {isa = PBXBuildFile; fileRef = 2312AF47172543D600781129 /* main.m */; };
		2312AF4C172543D600781129 /* JMMAppDelegate.m in Sources */ = {isa = PBXBuildFile; fileRef = 2312AF4B172543D600781129 /* JMMAppDelegate.m */; };
		2312AF4E172543D600781129 /* Default.png in Resources */ = {isa = PBXBuildFile; fileRef = 2312AF4D172543D600781129 /* Default.png */; };
		2312AF50172543D600781129 /* Default@2x.png in Resources */ = {isa = PBXBuildFile; fileRef = 2312AF4F172543D600781129 /* Default@2x.png */; };
		2312AF52172543D600781129 /* Default-568h@2x.png in Resources */ = {isa = PBXBuildFile; fileRef = 2312AF51172543D600781129 /* Default-568h@2x.png */; };
		2312AF55172543D600781129 /* MainStoryboard.storyboard in Resources */ = {isa = PBXBuildFile; fileRef = 2312AF53172543D600781129 /* MainStoryboard.storyboard */; };
		2312AF61172544AF00781129 /* JMMBrowseViewController.m in Sources */ = {isa = PBXBuildFile; fileRef = 2312AF60172544AF00781129 /* JMMBrowseViewController.m */; };
		2312AF651725494600781129 /* JMMElectionLeafletsClient.m in Sources */ = {isa = PBXBuildFile; fileRef = 2312AF641725494600781129 /* JMMElectionLeafletsClient.m */; };
		2312AF6917254DB100781129 /* JMMLeaflet.m in Sources */ = {isa = PBXBuildFile; fileRef = 2312AF6817254DB100781129 /* JMMLeaflet.m */; };
		2312AF6D1725514800781129 /* JMMLeafletCell.m in Sources */ = {isa = PBXBuildFile; fileRef = 2312AF6C1725514800781129 /* JMMLeafletCell.m */; };
		2312AF7017262F5100781129 /* QuartzCore.framework in Frameworks */ = {isa = PBXBuildFile; fileRef = 2312AF6E17262F4600781129 /* QuartzCore.framework */; };
		2312AF7717278A2A00781129 /* tab_background@2x.png in Resources */ = {isa = PBXBuildFile; fileRef = 2312AF7617278A2A00781129 /* tab_background@2x.png */; };
		2312AF7917278BD300781129 /* tab_selection_indicator@2x.png in Resources */ = {isa = PBXBuildFile; fileRef = 2312AF7817278BD300781129 /* tab_selection_indicator@2x.png */; };
		2312AF8017278EC900781129 /* browse_icon_selected.png in Resources */ = {isa = PBXBuildFile; fileRef = 2312AF7A17278EC900781129 /* browse_icon_selected.png */; };
		2312AF8117278EC900781129 /* browse_icon_selected@2x.png in Resources */ = {isa = PBXBuildFile; fileRef = 2312AF7B17278EC900781129 /* browse_icon_selected@2x.png */; };
		2312AF8217278EC900781129 /* browse_icon.png in Resources */ = {isa = PBXBuildFile; fileRef = 2312AF7C17278EC900781129 /* browse_icon.png */; };
		2312AF8317278EC900781129 /* browse_icon@2x.png in Resources */ = {isa = PBXBuildFile; fileRef = 2312AF7D17278EC900781129 /* browse_icon@2x.png */; };
		2312AF8417278EC900781129 /* tab_background.png in Resources */ = {isa = PBXBuildFile; fileRef = 2312AF7E17278EC900781129 /* tab_background.png */; };
		2312AF8517278EC900781129 /* tab_selection_indicator.png in Resources */ = {isa = PBXBuildFile; fileRef = 2312AF7F17278EC900781129 /* tab_selection_indicator.png */; };
		2312AF8E172790B400781129 /* info_icon_selected.png in Resources */ = {isa = PBXBuildFile; fileRef = 2312AF86172790B400781129 /* info_icon_selected.png */; };
		2312AF8F172790B400781129 /* info_icon_selected@2x.png in Resources */ = {isa = PBXBuildFile; fileRef = 2312AF87172790B400781129 /* info_icon_selected@2x.png */; };
		2312AF90172790B400781129 /* info_icon.png in Resources */ = {isa = PBXBuildFile; fileRef = 2312AF88172790B400781129 /* info_icon.png */; };
		2312AF91172790B400781129 /* info_icon@2x.png in Resources */ = {isa = PBXBuildFile; fileRef = 2312AF89172790B400781129 /* info_icon@2x.png */; };
		2312AF92172790B400781129 /* upload_icon_selected.png in Resources */ = {isa = PBXBuildFile; fileRef = 2312AF8A172790B400781129 /* upload_icon_selected.png */; };
		2312AF93172790B400781129 /* upload_icon_selected@2x.png in Resources */ = {isa = PBXBuildFile; fileRef = 2312AF8B172790B400781129 /* upload_icon_selected@2x.png */; };
		2312AF94172790B400781129 /* upload_icon.png in Resources */ = {isa = PBXBuildFile; fileRef = 2312AF8C172790B400781129 /* upload_icon.png */; };
		2312AF95172790B400781129 /* upload_icon@2x.png in Resources */ = {isa = PBXBuildFile; fileRef = 2312AF8D172790B400781129 /* upload_icon@2x.png */; };
		2312AF98172790D000781129 /* JMMUploadViewController.m in Sources */ = {isa = PBXBuildFile; fileRef = 2312AF97172790D000781129 /* JMMUploadViewController.m */; };
		2312AF9B172790E100781129 /* JMMAboutViewController.m in Sources */ = {isa = PBXBuildFile; fileRef = 2312AF9A172790E100781129 /* JMMAboutViewController.m */; };
		2312AF9E17289B5E00781129 /* nav_bar_bg.png in Resources */ = {isa = PBXBuildFile; fileRef = 2312AF9C17289B5E00781129 /* nav_bar_bg.png */; };
		2312AF9F17289B5E00781129 /* nav_bar_bg@2x.png in Resources */ = {isa = PBXBuildFile; fileRef = 2312AF9D17289B5E00781129 /* nav_bar_bg@2x.png */; };
		2312AFA81728A14B00781129 /* MobileCoreServices.framework in Frameworks */ = {isa = PBXBuildFile; fileRef = 2312AFA61728A13D00781129 /* MobileCoreServices.framework */; };
		2312AFA91728A14B00781129 /* SystemConfiguration.framework in Frameworks */ = {isa = PBXBuildFile; fileRef = 2312AFA41728A13700781129 /* SystemConfiguration.framework */; };
		7980E4C81734A4F100232951 /* DetailsViewController.m in Sources */ = {isa = PBXBuildFile; fileRef = 7980E4C71734A4F000232951 /* DetailsViewController.m */; };
		7995B320172B97A50006C534 /* UploadPictureCell.m in Sources */ = {isa = PBXBuildFile; fileRef = 7995B31F172B97A50006C534 /* UploadPictureCell.m */; };
		79BB1075172C125B00BAE5FB /* instructions_nocamera.png in Resources */ = {isa = PBXBuildFile; fileRef = 79BB1073172C125B00BAE5FB /* instructions_nocamera.png */; };
		79BB1076172C125B00BAE5FB /* instructions.png in Resources */ = {isa = PBXBuildFile; fileRef = 79BB1074172C125B00BAE5FB /* instructions.png */; };
		83D7F01A2E234BA3AA4D307B /* libPods.a in Frameworks */ = {isa = PBXBuildFile; fileRef = 6CBA53AFE38B43F3804010E0 /* libPods.a */; };
/* End PBXBuildFile section */

/* Begin PBXFileReference section */
		2312AF38172543D600781129 /* Election Leaflets.app */ = {isa = PBXFileReference; explicitFileType = wrapper.application; includeInIndex = 0; path = "Election Leaflets.app"; sourceTree = BUILT_PRODUCTS_DIR; };
		2312AF3B172543D600781129 /* UIKit.framework */ = {isa = PBXFileReference; lastKnownFileType = wrapper.framework; name = UIKit.framework; path = System/Library/Frameworks/UIKit.framework; sourceTree = SDKROOT; };
		2312AF3D172543D600781129 /* Foundation.framework */ = {isa = PBXFileReference; lastKnownFileType = wrapper.framework; name = Foundation.framework; path = System/Library/Frameworks/Foundation.framework; sourceTree = SDKROOT; };
		2312AF3F172543D600781129 /* CoreGraphics.framework */ = {isa = PBXFileReference; lastKnownFileType = wrapper.framework; name = CoreGraphics.framework; path = System/Library/Frameworks/CoreGraphics.framework; sourceTree = SDKROOT; };
		2312AF43172543D600781129 /* Election Leaflets-Info.plist */ = {isa = PBXFileReference; lastKnownFileType = text.plist.xml; path = "Election Leaflets-Info.plist"; sourceTree = "<group>"; };
		2312AF45172543D600781129 /* en */ = {isa = PBXFileReference; lastKnownFileType = text.plist.strings; name = en; path = en.lproj/InfoPlist.strings; sourceTree = "<group>"; };
		2312AF47172543D600781129 /* main.m */ = {isa = PBXFileReference; lastKnownFileType = sourcecode.c.objc; path = main.m; sourceTree = "<group>"; };
		2312AF49172543D600781129 /* Election Leaflets-Prefix.pch */ = {isa = PBXFileReference; lastKnownFileType = sourcecode.c.h; path = "Election Leaflets-Prefix.pch"; sourceTree = "<group>"; };
		2312AF4A172543D600781129 /* JMMAppDelegate.h */ = {isa = PBXFileReference; lastKnownFileType = sourcecode.c.h; path = JMMAppDelegate.h; sourceTree = "<group>"; };
		2312AF4B172543D600781129 /* JMMAppDelegate.m */ = {isa = PBXFileReference; lastKnownFileType = sourcecode.c.objc; path = JMMAppDelegate.m; sourceTree = "<group>"; };
		2312AF4D172543D600781129 /* Default.png */ = {isa = PBXFileReference; lastKnownFileType = image.png; path = Default.png; sourceTree = "<group>"; };
		2312AF4F172543D600781129 /* Default@2x.png */ = {isa = PBXFileReference; lastKnownFileType = image.png; path = "Default@2x.png"; sourceTree = "<group>"; };
		2312AF51172543D600781129 /* Default-568h@2x.png */ = {isa = PBXFileReference; lastKnownFileType = image.png; path = "Default-568h@2x.png"; sourceTree = "<group>"; };
		2312AF54172543D600781129 /* en */ = {isa = PBXFileReference; lastKnownFileType = file.storyboard; name = en; path = en.lproj/MainStoryboard.storyboard; sourceTree = "<group>"; };
		2312AF5F172544AF00781129 /* JMMBrowseViewController.h */ = {isa = PBXFileReference; fileEncoding = 4; lastKnownFileType = sourcecode.c.h; name = JMMBrowseViewController.h; path = "View Controllers/JMMBrowseViewController.h"; sourceTree = "<group>"; };
		2312AF60172544AF00781129 /* JMMBrowseViewController.m */ = {isa = PBXFileReference; fileEncoding = 4; lastKnownFileType = sourcecode.c.objc; name = JMMBrowseViewController.m; path = "View Controllers/JMMBrowseViewController.m"; sourceTree = "<group>"; };
		2312AF631725494600781129 /* JMMElectionLeafletsClient.h */ = {isa = PBXFileReference; fileEncoding = 4; lastKnownFileType = sourcecode.c.h; name = JMMElectionLeafletsClient.h; path = "Other Controllers/JMMElectionLeafletsClient.h"; sourceTree = "<group>"; };
		2312AF641725494600781129 /* JMMElectionLeafletsClient.m */ = {isa = PBXFileReference; fileEncoding = 4; lastKnownFileType = sourcecode.c.objc; name = JMMElectionLeafletsClient.m; path = "Other Controllers/JMMElectionLeafletsClient.m"; sourceTree = "<group>"; };
		2312AF6717254DB100781129 /* JMMLeaflet.h */ = {isa = PBXFileReference; fileEncoding = 4; lastKnownFileType = sourcecode.c.h; name = JMMLeaflet.h; path = "Election Leaflets/Model/JMMLeaflet.h"; sourceTree = "<group>"; };
		2312AF6817254DB100781129 /* JMMLeaflet.m */ = {isa = PBXFileReference; fileEncoding = 4; lastKnownFileType = sourcecode.c.objc; name = JMMLeaflet.m; path = "Election Leaflets/Model/JMMLeaflet.m"; sourceTree = "<group>"; };
		2312AF6B1725514800781129 /* JMMLeafletCell.h */ = {isa = PBXFileReference; fileEncoding = 4; lastKnownFileType = sourcecode.c.h; name = JMMLeafletCell.h; path = Views/JMMLeafletCell.h; sourceTree = "<group>"; };
		2312AF6C1725514800781129 /* JMMLeafletCell.m */ = {isa = PBXFileReference; fileEncoding = 4; lastKnownFileType = sourcecode.c.objc; name = JMMLeafletCell.m; path = Views/JMMLeafletCell.m; sourceTree = "<group>"; };
		2312AF6E17262F4600781129 /* QuartzCore.framework */ = {isa = PBXFileReference; lastKnownFileType = wrapper.framework; name = QuartzCore.framework; path = System/Library/Frameworks/QuartzCore.framework; sourceTree = SDKROOT; };
		2312AF7617278A2A00781129 /* tab_background@2x.png */ = {isa = PBXFileReference; lastKnownFileType = image.png; name = "tab_background@2x.png"; path = "Images/tab_background@2x.png"; sourceTree = "<group>"; };
		2312AF7817278BD300781129 /* tab_selection_indicator@2x.png */ = {isa = PBXFileReference; lastKnownFileType = image.png; name = "tab_selection_indicator@2x.png"; path = "Images/tab_selection_indicator@2x.png"; sourceTree = "<group>"; };
		2312AF7A17278EC900781129 /* browse_icon_selected.png */ = {isa = PBXFileReference; lastKnownFileType = image.png; name = browse_icon_selected.png; path = Images/browse_icon_selected.png; sourceTree = "<group>"; };
		2312AF7B17278EC900781129 /* browse_icon_selected@2x.png */ = {isa = PBXFileReference; lastKnownFileType = image.png; name = "browse_icon_selected@2x.png"; path = "Images/browse_icon_selected@2x.png"; sourceTree = "<group>"; };
		2312AF7C17278EC900781129 /* browse_icon.png */ = {isa = PBXFileReference; lastKnownFileType = image.png; name = browse_icon.png; path = Images/browse_icon.png; sourceTree = "<group>"; };
		2312AF7D17278EC900781129 /* browse_icon@2x.png */ = {isa = PBXFileReference; lastKnownFileType = image.png; name = "browse_icon@2x.png"; path = "Images/browse_icon@2x.png"; sourceTree = "<group>"; };
		2312AF7E17278EC900781129 /* tab_background.png */ = {isa = PBXFileReference; lastKnownFileType = image.png; name = tab_background.png; path = Images/tab_background.png; sourceTree = "<group>"; };
		2312AF7F17278EC900781129 /* tab_selection_indicator.png */ = {isa = PBXFileReference; lastKnownFileType = image.png; name = tab_selection_indicator.png; path = Images/tab_selection_indicator.png; sourceTree = "<group>"; };
		2312AF86172790B400781129 /* info_icon_selected.png */ = {isa = PBXFileReference; lastKnownFileType = image.png; name = info_icon_selected.png; path = Images/info_icon_selected.png; sourceTree = "<group>"; };
		2312AF87172790B400781129 /* info_icon_selected@2x.png */ = {isa = PBXFileReference; lastKnownFileType = image.png; name = "info_icon_selected@2x.png"; path = "Images/info_icon_selected@2x.png"; sourceTree = "<group>"; };
		2312AF88172790B400781129 /* info_icon.png */ = {isa = PBXFileReference; lastKnownFileType = image.png; name = info_icon.png; path = Images/info_icon.png; sourceTree = "<group>"; };
		2312AF89172790B400781129 /* info_icon@2x.png */ = {isa = PBXFileReference; lastKnownFileType = image.png; name = "info_icon@2x.png"; path = "Images/info_icon@2x.png"; sourceTree = "<group>"; };
		2312AF8A172790B400781129 /* upload_icon_selected.png */ = {isa = PBXFileReference; lastKnownFileType = image.png; name = upload_icon_selected.png; path = Images/upload_icon_selected.png; sourceTree = "<group>"; };
		2312AF8B172790B400781129 /* upload_icon_selected@2x.png */ = {isa = PBXFileReference; lastKnownFileType = image.png; name = "upload_icon_selected@2x.png"; path = "Images/upload_icon_selected@2x.png"; sourceTree = "<group>"; };
		2312AF8C172790B400781129 /* upload_icon.png */ = {isa = PBXFileReference; lastKnownFileType = image.png; name = upload_icon.png; path = Images/upload_icon.png; sourceTree = "<group>"; };
		2312AF8D172790B400781129 /* upload_icon@2x.png */ = {isa = PBXFileReference; lastKnownFileType = image.png; name = "upload_icon@2x.png"; path = "Images/upload_icon@2x.png"; sourceTree = "<group>"; };
		2312AF96172790D000781129 /* JMMUploadViewController.h */ = {isa = PBXFileReference; fileEncoding = 4; lastKnownFileType = sourcecode.c.h; name = JMMUploadViewController.h; path = "View Controllers/JMMUploadViewController.h"; sourceTree = "<group>"; };
		2312AF97172790D000781129 /* JMMUploadViewController.m */ = {isa = PBXFileReference; fileEncoding = 4; lastKnownFileType = sourcecode.c.objc; name = JMMUploadViewController.m; path = "View Controllers/JMMUploadViewController.m"; sourceTree = "<group>"; };
		2312AF99172790E100781129 /* JMMAboutViewController.h */ = {isa = PBXFileReference; fileEncoding = 4; lastKnownFileType = sourcecode.c.h; name = JMMAboutViewController.h; path = "View Controllers/JMMAboutViewController.h"; sourceTree = "<group>"; };
		2312AF9A172790E100781129 /* JMMAboutViewController.m */ = {isa = PBXFileReference; fileEncoding = 4; lastKnownFileType = sourcecode.c.objc; name = JMMAboutViewController.m; path = "View Controllers/JMMAboutViewController.m"; sourceTree = "<group>"; };
		2312AF9C17289B5E00781129 /* nav_bar_bg.png */ = {isa = PBXFileReference; lastKnownFileType = image.png; name = nav_bar_bg.png; path = Images/nav_bar_bg.png; sourceTree = "<group>"; };
		2312AF9D17289B5E00781129 /* nav_bar_bg@2x.png */ = {isa = PBXFileReference; lastKnownFileType = image.png; name = "nav_bar_bg@2x.png"; path = "Images/nav_bar_bg@2x.png"; sourceTree = "<group>"; };
		2312AFA217289F6800781129 /* buildnumber.xcconfig */ = {isa = PBXFileReference; lastKnownFileType = text.xcconfig; path = buildnumber.xcconfig; sourceTree = "<group>"; };
		2312AFA41728A13700781129 /* SystemConfiguration.framework */ = {isa = PBXFileReference; lastKnownFileType = wrapper.framework; name = SystemConfiguration.framework; path = System/Library/Frameworks/SystemConfiguration.framework; sourceTree = SDKROOT; };
		2312AFA61728A13D00781129 /* MobileCoreServices.framework */ = {isa = PBXFileReference; lastKnownFileType = wrapper.framework; name = MobileCoreServices.framework; path = System/Library/Frameworks/MobileCoreServices.framework; sourceTree = SDKROOT; };
		6CBA53AFE38B43F3804010E0 /* libPods.a */ = {isa = PBXFileReference; explicitFileType = archive.ar; includeInIndex = 0; path = libPods.a; sourceTree = BUILT_PRODUCTS_DIR; };
		7980E4C61734A4F000232951 /* DetailsViewController.h */ = {isa = PBXFileReference; fileEncoding = 4; lastKnownFileType = sourcecode.c.h; name = DetailsViewController.h; path = "View Controllers/DetailsViewController.h"; sourceTree = "<group>"; };
		7980E4C71734A4F000232951 /* DetailsViewController.m */ = {isa = PBXFileReference; fileEncoding = 4; lastKnownFileType = sourcecode.c.objc; name = DetailsViewController.m; path = "View Controllers/DetailsViewController.m"; sourceTree = "<group>"; };
		7995B31E172B97A50006C534 /* UploadPictureCell.h */ = {isa = PBXFileReference; fileEncoding = 4; lastKnownFileType = sourcecode.c.h; name = UploadPictureCell.h; path = Views/UploadPictureCell.h; sourceTree = "<group>"; };
		7995B31F172B97A50006C534 /* UploadPictureCell.m */ = {isa = PBXFileReference; fileEncoding = 4; lastKnownFileType = sourcecode.c.objc; name = UploadPictureCell.m; path = Views/UploadPictureCell.m; sourceTree = "<group>"; };
		79BB1073172C125B00BAE5FB /* instructions_nocamera.png */ = {isa = PBXFileReference; lastKnownFileType = image.png; name = instructions_nocamera.png; path = Images/instructions_nocamera.png; sourceTree = "<group>"; };
		79BB1074172C125B00BAE5FB /* instructions.png */ = {isa = PBXFileReference; lastKnownFileType = image.png; name = instructions.png; path = Images/instructions.png; sourceTree = "<group>"; };
		A46E678958434D589DCD99E5 /* Pods.xcconfig */ = {isa = PBXFileReference; includeInIndex = 1; lastKnownFileType = text.xcconfig; name = Pods.xcconfig; path = Pods/Pods.xcconfig; sourceTree = SOURCE_ROOT; };
/* End PBXFileReference section */

/* Begin PBXFrameworksBuildPhase section */
		2312AF35172543D600781129 /* Frameworks */ = {
			isa = PBXFrameworksBuildPhase;
			buildActionMask = 2147483647;
			files = (
				2312AF3C172543D600781129 /* UIKit.framework in Frameworks */,
				2312AF3E172543D600781129 /* Foundation.framework in Frameworks */,
				2312AF40172543D600781129 /* CoreGraphics.framework in Frameworks */,
				2312AF7017262F5100781129 /* QuartzCore.framework in Frameworks */,
				2312AFA81728A14B00781129 /* MobileCoreServices.framework in Frameworks */,
				2312AFA91728A14B00781129 /* SystemConfiguration.framework in Frameworks */,
				83D7F01A2E234BA3AA4D307B /* libPods.a in Frameworks */,
			);
			runOnlyForDeploymentPostprocessing = 0;
		};
/* End PBXFrameworksBuildPhase section */

/* Begin PBXGroup section */
		2312AF2F172543D600781129 = {
			isa = PBXGroup;
			children = (
				2312AF41172543D600781129 /* Election Leaflets */,
				2312AF3A172543D600781129 /* Frameworks */,
				2312AF39172543D600781129 /* Products */,
				2312AFA217289F6800781129 /* buildnumber.xcconfig */,
				A46E678958434D589DCD99E5 /* Pods.xcconfig */,
			);
			sourceTree = "<group>";
		};
		2312AF39172543D600781129 /* Products */ = {
			isa = PBXGroup;
			children = (
				2312AF38172543D600781129 /* Election Leaflets.app */,
			);
			name = Products;
			sourceTree = "<group>";
		};
		2312AF3A172543D600781129 /* Frameworks */ = {
			isa = PBXGroup;
			children = (
				2312AFA61728A13D00781129 /* MobileCoreServices.framework */,
				2312AFA41728A13700781129 /* SystemConfiguration.framework */,
				2312AF3B172543D600781129 /* UIKit.framework */,
				2312AF3D172543D600781129 /* Foundation.framework */,
				2312AF3F172543D600781129 /* CoreGraphics.framework */,
				2312AF6E17262F4600781129 /* QuartzCore.framework */,
				6CBA53AFE38B43F3804010E0 /* libPods.a */,
			);
			name = Frameworks;
			sourceTree = "<group>";
		};
		2312AF41172543D600781129 /* Election Leaflets */ = {
			isa = PBXGroup;
			children = (
				2312AF4A172543D600781129 /* JMMAppDelegate.h */,
				2312AF4B172543D600781129 /* JMMAppDelegate.m */,
				2312AF53172543D600781129 /* MainStoryboard.storyboard */,
				2312AF6617254D9D00781129 /* Model */,
				2312AF6A1725512700781129 /* Views */,
				2312AF5E1725448A00781129 /* View Controllers */,
				2312AF62172545ED00781129 /* Other Controllers */,
				2312AF42172543D600781129 /* Supporting Files */,
				2312AF711726B38200781129 /* Images */,
			);
			path = "Election Leaflets";
			sourceTree = "<group>";
		};
		2312AF42172543D600781129 /* Supporting Files */ = {
			isa = PBXGroup;
			children = (
				2312AF43172543D600781129 /* Election Leaflets-Info.plist */,
				2312AF44172543D600781129 /* InfoPlist.strings */,
				2312AF47172543D600781129 /* main.m */,
				2312AF49172543D600781129 /* Election Leaflets-Prefix.pch */,
				2312AF4D172543D600781129 /* Default.png */,
				2312AF4F172543D600781129 /* Default@2x.png */,
				2312AF51172543D600781129 /* Default-568h@2x.png */,
			);
			name = "Supporting Files";
			sourceTree = "<group>";
		};
		2312AF5E1725448A00781129 /* View Controllers */ = {
			isa = PBXGroup;
			children = (
				2312AF5F172544AF00781129 /* JMMBrowseViewController.h */,
				2312AF60172544AF00781129 /* JMMBrowseViewController.m */,
				2312AF96172790D000781129 /* JMMUploadViewController.h */,
				2312AF97172790D000781129 /* JMMUploadViewController.m */,
				2312AF99172790E100781129 /* JMMAboutViewController.h */,
				2312AF9A172790E100781129 /* JMMAboutViewController.m */,
				7980E4C61734A4F000232951 /* DetailsViewController.h */,
				7980E4C71734A4F000232951 /* DetailsViewController.m */,
			);
			name = "View Controllers";
			sourceTree = "<group>";
		};
		2312AF62172545ED00781129 /* Other Controllers */ = {
			isa = PBXGroup;
			children = (
				2312AF631725494600781129 /* JMMElectionLeafletsClient.h */,
				2312AF641725494600781129 /* JMMElectionLeafletsClient.m */,
			);
			name = "Other Controllers";
			sourceTree = "<group>";
		};
		2312AF6617254D9D00781129 /* Model */ = {
			isa = PBXGroup;
			children = (
				2312AF6717254DB100781129 /* JMMLeaflet.h */,
				2312AF6817254DB100781129 /* JMMLeaflet.m */,
			);
			name = Model;
			path = ..;
			sourceTree = "<group>";
		};
		2312AF6A1725512700781129 /* Views */ = {
			isa = PBXGroup;
			children = (
				2312AF6B1725514800781129 /* JMMLeafletCell.h */,
				2312AF6C1725514800781129 /* JMMLeafletCell.m */,
				7995B31E172B97A50006C534 /* UploadPictureCell.h */,
				7995B31F172B97A50006C534 /* UploadPictureCell.m */,
			);
			name = Views;
			sourceTree = "<group>";
		};
		2312AF711726B38200781129 /* Images */ = {
			isa = PBXGroup;
			children = (
				79BB1073172C125B00BAE5FB /* instructions_nocamera.png */,
				79BB1074172C125B00BAE5FB /* instructions.png */,
				2312AF9C17289B5E00781129 /* nav_bar_bg.png */,
				2312AF9D17289B5E00781129 /* nav_bar_bg@2x.png */,
				2312AF86172790B400781129 /* info_icon_selected.png */,
				2312AF87172790B400781129 /* info_icon_selected@2x.png */,
				2312AF88172790B400781129 /* info_icon.png */,
				2312AF89172790B400781129 /* info_icon@2x.png */,
				2312AF8A172790B400781129 /* upload_icon_selected.png */,
				2312AF8B172790B400781129 /* upload_icon_selected@2x.png */,
				2312AF8C172790B400781129 /* upload_icon.png */,
				2312AF8D172790B400781129 /* upload_icon@2x.png */,
				2312AF7A17278EC900781129 /* browse_icon_selected.png */,
				2312AF7B17278EC900781129 /* browse_icon_selected@2x.png */,
				2312AF7C17278EC900781129 /* browse_icon.png */,
				2312AF7D17278EC900781129 /* browse_icon@2x.png */,
				2312AF7F17278EC900781129 /* tab_selection_indicator.png */,
				2312AF7817278BD300781129 /* tab_selection_indicator@2x.png */,
				2312AF7E17278EC900781129 /* tab_background.png */,
				2312AF7617278A2A00781129 /* tab_background@2x.png */,
			);
			name = Images;
			sourceTree = "<group>";
		};
/* End PBXGroup section */

/* Begin PBXNativeTarget section */
		2312AF37172543D600781129 /* Election Leaflets */ = {
			isa = PBXNativeTarget;
			buildConfigurationList = 2312AF5B172543D600781129 /* Build configuration list for PBXNativeTarget "Election Leaflets" */;
			buildPhases = (
				2312AF34172543D600781129 /* Sources */,
				2312AF35172543D600781129 /* Frameworks */,
				2312AF36172543D600781129 /* Resources */,
				4D7213666F8F459FB53834D5 /* Copy Pods Resources */,
				2312AFA31728A02600781129 /* ShellScript */,
			);
			buildRules = (
			);
			dependencies = (
			);
			name = "Election Leaflets";
			productName = "Election Leaflets";
			productReference = 2312AF38172543D600781129 /* Election Leaflets.app */;
			productType = "com.apple.product-type.application";
		};
/* End PBXNativeTarget section */

/* Begin PBXProject section */
		2312AF30172543D600781129 /* Project object */ = {
			isa = PBXProject;
			attributes = {
				CLASSPREFIX = JMM;
				LastUpgradeCheck = 0460;
				ORGANIZATIONNAME = "Jake MacMullin";
			};
			buildConfigurationList = 2312AF33172543D600781129 /* Build configuration list for PBXProject "Election Leaflets" */;
			compatibilityVersion = "Xcode 3.2";
			developmentRegion = English;
			hasScannedForEncodings = 0;
			knownRegions = (
				en,
			);
			mainGroup = 2312AF2F172543D600781129;
			productRefGroup = 2312AF39172543D600781129 /* Products */;
			projectDirPath = "";
			projectRoot = "";
			targets = (
				2312AF37172543D600781129 /* Election Leaflets */,
			);
		};
/* End PBXProject section */

/* Begin PBXResourcesBuildPhase section */
		2312AF36172543D600781129 /* Resources */ = {
			isa = PBXResourcesBuildPhase;
			buildActionMask = 2147483647;
			files = (
				2312AF46172543D600781129 /* InfoPlist.strings in Resources */,
				2312AF4E172543D600781129 /* Default.png in Resources */,
				2312AF50172543D600781129 /* Default@2x.png in Resources */,
				2312AF52172543D600781129 /* Default-568h@2x.png in Resources */,
				2312AF55172543D600781129 /* MainStoryboard.storyboard in Resources */,
				2312AF7717278A2A00781129 /* tab_background@2x.png in Resources */,
				2312AF7917278BD300781129 /* tab_selection_indicator@2x.png in Resources */,
				2312AF8017278EC900781129 /* browse_icon_selected.png in Resources */,
				2312AF8117278EC900781129 /* browse_icon_selected@2x.png in Resources */,
				2312AF8217278EC900781129 /* browse_icon.png in Resources */,
				2312AF8317278EC900781129 /* browse_icon@2x.png in Resources */,
				2312AF8417278EC900781129 /* tab_background.png in Resources */,
				2312AF8517278EC900781129 /* tab_selection_indicator.png in Resources */,
				2312AF8E172790B400781129 /* info_icon_selected.png in Resources */,
				2312AF8F172790B400781129 /* info_icon_selected@2x.png in Resources */,
				2312AF90172790B400781129 /* info_icon.png in Resources */,
				2312AF91172790B400781129 /* info_icon@2x.png in Resources */,
				2312AF92172790B400781129 /* upload_icon_selected.png in Resources */,
				2312AF93172790B400781129 /* upload_icon_selected@2x.png in Resources */,
				2312AF94172790B400781129 /* upload_icon.png in Resources */,
				2312AF95172790B400781129 /* upload_icon@2x.png in Resources */,
				2312AF9E17289B5E00781129 /* nav_bar_bg.png in Resources */,
				2312AF9F17289B5E00781129 /* nav_bar_bg@2x.png in Resources */,
				79BB1075172C125B00BAE5FB /* instructions_nocamera.png in Resources */,
				79BB1076172C125B00BAE5FB /* instructions.png in Resources */,
			);
			runOnlyForDeploymentPostprocessing = 0;
		};
/* End PBXResourcesBuildPhase section */

/* Begin PBXShellScriptBuildPhase section */
		2312AFA31728A02600781129 /* ShellScript */ = {
			isa = PBXShellScriptBuildPhase;
			buildActionMask = 2147483647;
			files = (
			);
			inputPaths = (
			);
			outputPaths = (
			);
			runOnlyForDeploymentPostprocessing = 0;
			shellPath = /bin/sh;
			shellScript = "if [ \"$CONFIGURATION\" == \"AdHoc\" ]\nthen /usr/bin/perl -pe 's/(BUILD_NUMBER = )(\\d+)/$1.($2+1)/eg' -i buildnumber.xcconfig\nfi";
		};
		4D7213666F8F459FB53834D5 /* Copy Pods Resources */ = {
			isa = PBXShellScriptBuildPhase;
			buildActionMask = 2147483647;
			files = (
			);
			inputPaths = (
			);
			name = "Copy Pods Resources";
			outputPaths = (
			);
			runOnlyForDeploymentPostprocessing = 0;
			shellPath = /bin/sh;
			shellScript = "\"${SRCROOT}/Pods/Pods-resources.sh\"\n";
		};
/* End PBXShellScriptBuildPhase section */

/* Begin PBXSourcesBuildPhase section */
		2312AF34172543D600781129 /* Sources */ = {
			isa = PBXSourcesBuildPhase;
			buildActionMask = 2147483647;
			files = (
				2312AF48172543D600781129 /* main.m in Sources */,
				2312AF4C172543D600781129 /* JMMAppDelegate.m in Sources */,
				2312AF61172544AF00781129 /* JMMBrowseViewController.m in Sources */,
				2312AF651725494600781129 /* JMMElectionLeafletsClient.m in Sources */,
				2312AF6917254DB100781129 /* JMMLeaflet.m in Sources */,
				2312AF6D1725514800781129 /* JMMLeafletCell.m in Sources */,
				2312AF98172790D000781129 /* JMMUploadViewController.m in Sources */,
				2312AF9B172790E100781129 /* JMMAboutViewController.m in Sources */,
				7995B320172B97A50006C534 /* UploadPictureCell.m in Sources */,
				7980E4C81734A4F100232951 /* DetailsViewController.m in Sources */,
			);
			runOnlyForDeploymentPostprocessing = 0;
		};
/* End PBXSourcesBuildPhase section */

/* Begin PBXVariantGroup section */
		2312AF44172543D600781129 /* InfoPlist.strings */ = {
			isa = PBXVariantGroup;
			children = (
				2312AF45172543D600781129 /* en */,
			);
			name = InfoPlist.strings;
			sourceTree = "<group>";
		};
		2312AF53172543D600781129 /* MainStoryboard.storyboard */ = {
			isa = PBXVariantGroup;
			children = (
				2312AF54172543D600781129 /* en */,
			);
			name = MainStoryboard.storyboard;
			sourceTree = "<group>";
		};
/* End PBXVariantGroup section */

/* Begin XCBuildConfiguration section */
		2312AF59172543D600781129 /* Debug */ = {
			isa = XCBuildConfiguration;
			buildSettings = {
				ALWAYS_SEARCH_USER_PATHS = NO;
				CLANG_CXX_LANGUAGE_STANDARD = "gnu++0x";
				CLANG_CXX_LIBRARY = "libc++";
				CLANG_ENABLE_OBJC_ARC = YES;
				CLANG_WARN_CONSTANT_CONVERSION = YES;
				CLANG_WARN_EMPTY_BODY = YES;
				CLANG_WARN_ENUM_CONVERSION = YES;
				CLANG_WARN_INT_CONVERSION = YES;
				CLANG_WARN__DUPLICATE_METHOD_MATCH = YES;
				"CODE_SIGN_IDENTITY[sdk=iphoneos*]" = "iPhone Developer";
				COPY_PHASE_STRIP = NO;
				GCC_C_LANGUAGE_STANDARD = gnu99;
				GCC_DYNAMIC_NO_PIC = NO;
				GCC_OPTIMIZATION_LEVEL = 0;
				GCC_PREPROCESSOR_DEFINITIONS = (
					"DEBUG=1",
					"$(inherited)",
				);
				GCC_SYMBOLS_PRIVATE_EXTERN = NO;
				GCC_WARN_ABOUT_RETURN_TYPE = YES;
				GCC_WARN_UNINITIALIZED_AUTOS = YES;
				GCC_WARN_UNUSED_VARIABLE = YES;
				IPHONEOS_DEPLOYMENT_TARGET = 6.1;
				ONLY_ACTIVE_ARCH = YES;
				SDKROOT = iphoneos;
			};
			name = Debug;
		};
		2312AF5A172543D600781129 /* Release */ = {
			isa = XCBuildConfiguration;
			buildSettings = {
				ALWAYS_SEARCH_USER_PATHS = NO;
				CLANG_CXX_LANGUAGE_STANDARD = "gnu++0x";
				CLANG_CXX_LIBRARY = "libc++";
				CLANG_ENABLE_OBJC_ARC = YES;
				CLANG_WARN_CONSTANT_CONVERSION = YES;
				CLANG_WARN_EMPTY_BODY = YES;
				CLANG_WARN_ENUM_CONVERSION = YES;
				CLANG_WARN_INT_CONVERSION = YES;
				CLANG_WARN__DUPLICATE_METHOD_MATCH = YES;
				"CODE_SIGN_IDENTITY[sdk=iphoneos*]" = "iPhone Developer";
				COPY_PHASE_STRIP = YES;
				GCC_C_LANGUAGE_STANDARD = gnu99;
				GCC_WARN_ABOUT_RETURN_TYPE = YES;
				GCC_WARN_UNINITIALIZED_AUTOS = YES;
				GCC_WARN_UNUSED_VARIABLE = YES;
				IPHONEOS_DEPLOYMENT_TARGET = 6.1;
				OTHER_CFLAGS = "-DNS_BLOCK_ASSERTIONS=1";
				SDKROOT = iphoneos;
				VALIDATE_PRODUCT = YES;
			};
			name = Release;
		};
		2312AF5C172543D600781129 /* Debug */ = {
			isa = XCBuildConfiguration;
			baseConfigurationReference = A46E678958434D589DCD99E5 /* Pods.xcconfig */;
			buildSettings = {
				GCC_PRECOMPILE_PREFIX_HEADER = YES;
				GCC_PREFIX_HEADER = "Election Leaflets/Election Leaflets-Prefix.pch";
				INFOPLIST_FILE = "Election Leaflets/Election Leaflets-Info.plist";
				PRODUCT_NAME = "$(TARGET_NAME)";
				WRAPPER_EXTENSION = app;
			};
			name = Debug;
		};
		2312AF5D172543D600781129 /* Release */ = {
			isa = XCBuildConfiguration;
			baseConfigurationReference = A46E678958434D589DCD99E5 /* Pods.xcconfig */;
			buildSettings = {
				GCC_PRECOMPILE_PREFIX_HEADER = YES;
				GCC_PREFIX_HEADER = "Election Leaflets/Election Leaflets-Prefix.pch";
				INFOPLIST_FILE = "Election Leaflets/Election Leaflets-Info.plist";
				PRODUCT_NAME = "$(TARGET_NAME)";
				WRAPPER_EXTENSION = app;
			};
			name = Release;
		};
		2312AFA017289EF600781129 /* AdHoc */ = {
			isa = XCBuildConfiguration;
			baseConfigurationReference = 2312AFA217289F6800781129 /* buildnumber.xcconfig */;
			buildSettings = {
				ALWAYS_SEARCH_USER_PATHS = NO;
				CLANG_CXX_LANGUAGE_STANDARD = "gnu++0x";
				CLANG_CXX_LIBRARY = "libc++";
				CLANG_ENABLE_OBJC_ARC = YES;
				CLANG_WARN_CONSTANT_CONVERSION = YES;
				CLANG_WARN_EMPTY_BODY = YES;
				CLANG_WARN_ENUM_CONVERSION = YES;
				CLANG_WARN_INT_CONVERSION = YES;
				CLANG_WARN__DUPLICATE_METHOD_MATCH = YES;
				CODE_SIGN_IDENTITY = "iPhone Distribution: Jake MacMullin";
				"CODE_SIGN_IDENTITY[sdk=iphoneos*]" = "iPhone Distribution: Jake MacMullin";
				COPY_PHASE_STRIP = YES;
				GCC_C_LANGUAGE_STANDARD = gnu99;
				GCC_WARN_ABOUT_RETURN_TYPE = YES;
				GCC_WARN_UNINITIALIZED_AUTOS = YES;
				GCC_WARN_UNUSED_VARIABLE = YES;
				IPHONEOS_DEPLOYMENT_TARGET = 6.1;
				OTHER_CFLAGS = "-DNS_BLOCK_ASSERTIONS=1";
				PROVISIONING_PROFILE = "8876F3D7-E063-4851-8AFD-077BB7AF1643";
				"PROVISIONING_PROFILE[sdk=iphoneos*]" = "D9D2BFBE-8D1A-477D-9F34-9C95C5017372";
				SDKROOT = iphoneos;
				VALIDATE_PRODUCT = YES;
			};
			name = AdHoc;
		};
		2312AFA117289EF600781129 /* AdHoc */ = {
			isa = XCBuildConfiguration;
			baseConfigurationReference = A46E678958434D589DCD99E5 /* Pods.xcconfig */;
			buildSettings = {
				GCC_PRECOMPILE_PREFIX_HEADER = YES;
				GCC_PREFIX_HEADER = "Election Leaflets/Election Leaflets-Prefix.pch";
				INFOPLIST_FILE = "Election Leaflets/Election Leaflets-Info.plist";
				PRODUCT_NAME = "$(TARGET_NAME)";
				WRAPPER_EXTENSION = app;
			};
			name = AdHoc;
		};
/* End XCBuildConfiguration section */

/* Begin XCConfigurationList section */
		2312AF33172543D600781129 /* Build configuration list for PBXProject "Election Leaflets" */ = {
			isa = XCConfigurationList;
			buildConfigurations = (
				2312AF59172543D600781129 /* Debug */,
				2312AF5A172543D600781129 /* Release */,
				2312AFA017289EF600781129 /* AdHoc */,
			);
			defaultConfigurationIsVisible = 0;
			defaultConfigurationName = Release;
		};
		2312AF5B172543D600781129 /* Build configuration list for PBXNativeTarget "Election Leaflets" */ = {
			isa = XCConfigurationList;
			buildConfigurations = (
				2312AF5C172543D600781129 /* Debug */,
				2312AF5D172543D600781129 /* Release */,
				2312AFA117289EF600781129 /* AdHoc */,
			);
			defaultConfigurationIsVisible = 0;
			defaultConfigurationName = Release;
		};
/* End XCConfigurationList section */
	};
	rootObject = 2312AF30172543D600781129 /* Project object */;
}
