PODS:
  - AFNetworking (1.1.0)
  - HockeySDK (3.0.0)
  - hpple (0.2.0)
  - Nimbus/Core (1.0.0)
  - Nimbus/NetworkImage (1.0.0):
    - Nimbus/Core

DEPENDENCIES:
  - AFNetworking (~> 1.1.0)
  - HockeySDK (~> 3.0.0)
  - hpple (~> 0.2.0)
  - Nimbus/NetworkImage (~> 1.0.0)

SPEC CHECKSUMS:
  AFNetworking: 761a418233d280c1e0580bcb76ff9cb4c3073d17
  HockeySDK: ffb5d1bc7b6fef6a2ffd7a614504665c377607e8
  hpple: dde62f905f482bbec50186280d1a1be2c881241b
  Nimbus: 196175ecaddf4e88925c9e0441aa58e4e40a2b89

COCOAPODS: 0.18.1
